
Microsoft Visual Studio Solution File, Format Version 12.00
# Visual Studio Version 17
VisualStudioVersion = 17.8.34330.188
MinimumVisualStudioVersion = 10.0.40219.1
Project("{FAE04EC0-301F-11D3-BF4B-00C04F79EFBC}") = "ViewComponentPartialView", "ViewComponentPartialView.csproj", "{AF6AB68C-08C0-41C5-816B-52086403CC50}"
EndProject
Global
	GlobalSection(SolutionConfigurationPlatforms) = preSolution
		Debug|Any CPU = Debug|Any CPU
		Release|Any CPU = Release|Any CPU
	EndGlobalSection
	GlobalSection(ProjectConfigurationPlatforms) = postSolution
		{AF6AB68C-08C0-41C5-816B-52086403CC50}.Debug|Any CPU.ActiveCfg = Debug|Any CPU
		{AF6AB68C-08C0-41C5-816B-52086403CC50}.Debug|Any CPU.Build.0 = Debug|Any CPU
		{AF6AB68C-08C0-41C5-816B-52086403CC50}.Release|Any CPU.ActiveCfg = Release|Any CPU
		{AF6AB68C-08C0-41C5-816B-52086403CC50}.Release|Any CPU.Build.0 = Release|Any CPU
	EndGlobalSection
	GlobalSection(SolutionProperties) = preSolution
		HideSolutionNode = FALSE
	EndGlobalSection
	GlobalSection(ExtensibilityGlobals) = postSolution
		SolutionGuid = {4E8911CE-B818-4988-9AD7-516A897B79C5}
	EndGlobalSection
EndGlobal
